
Microsoft Visual Studio Solution File, Format Version 12.00
# Visual Studio 15
VisualStudioVersion = 15.0.28010.2050
MinimumVisualStudioVersion = 10.0.40219.1
Project("{FAE04EC0-301F-11D3-BF4B-00C04F79EFBC}") = "ProyectoFinalWeb", "ProyectoFinalWeb\ProyectoFinalWeb.csproj", "{89A2F8E9-C785-4C56-A0CE-E4A1074041BE}"
EndProject
Project("{FAE04EC0-301F-11D3-BF4B-00C04F79EFBC}") = "ProyectoFinalWeb.Tests", "ProyectoFinalWeb.Tests\ProyectoFinalWeb.Tests.csproj", "{94B2CB9C-D4A9-4B83-A20B-ECF2C35BF4FD}"
EndProject
Project("{FAE04EC0-301F-11D3-BF4B-00C04F79EFBC}") = "Entidades", "Entidades\Entidades.csproj", "{6D6AD0D8-31ED-4062-8818-846486E99615}"
EndProject
Project("{FAE04EC0-301F-11D3-BF4B-00C04F79EFBC}") = "BLL", "BLL\BLL.csproj", "{B0D453A4-8BBB-44E9-923E-91C0E6C7923C}"
EndProject
Project("{FAE04EC0-301F-11D3-BF4B-00C04F79EFBC}") = "DAL", "DAL\DAL.csproj", "{04994153-1B19-432F-ACDE-8A5F6D932933}"
EndProject
Global
	GlobalSection(SolutionConfigurationPlatforms) = preSolution
		Debug|Any CPU = Debug|Any CPU
		Release|Any CPU = Release|Any CPU
	EndGlobalSection
	GlobalSection(ProjectConfigurationPlatforms) = postSolution
		{89A2F8E9-C785-4C56-A0CE-E4A1074041BE}.Debug|Any CPU.ActiveCfg = Debug|Any CPU
		{89A2F8E9-C785-4C56-A0CE-E4A1074041BE}.Debug|Any CPU.Build.0 = Debug|Any CPU
		{89A2F8E9-C785-4C56-A0CE-E4A1074041BE}.Release|Any CPU.ActiveCfg = Release|Any CPU
		{89A2F8E9-C785-4C56-A0CE-E4A1074041BE}.Release|Any CPU.Build.0 = Release|Any CPU
		{94B2CB9C-D4A9-4B83-A20B-ECF2C35BF4FD}.Debug|Any CPU.ActiveCfg = Debug|Any CPU
		{94B2CB9C-D4A9-4B83-A20B-ECF2C35BF4FD}.Debug|Any CPU.Build.0 = Debug|Any CPU
		{94B2CB9C-D4A9-4B83-A20B-ECF2C35BF4FD}.Release|Any CPU.ActiveCfg = Release|Any CPU
		{94B2CB9C-D4A9-4B83-A20B-ECF2C35BF4FD}.Release|Any CPU.Build.0 = Release|Any CPU
		{6D6AD0D8-31ED-4062-8818-846486E99615}.Debug|Any CPU.ActiveCfg = Debug|Any CPU
		{6D6AD0D8-31ED-4062-8818-846486E99615}.Debug|Any CPU.Build.0 = Debug|Any CPU
		{6D6AD0D8-31ED-4062-8818-846486E99615}.Release|Any CPU.ActiveCfg = Release|Any CPU
		{6D6AD0D8-31ED-4062-8818-846486E99615}.Release|Any CPU.Build.0 = Release|Any CPU
		{B0D453A4-8BBB-44E9-923E-91C0E6C7923C}.Debug|Any CPU.ActiveCfg = Debug|Any CPU
		{B0D453A4-8BBB-44E9-923E-91C0E6C7923C}.Debug|Any CPU.Build.0 = Debug|Any CPU
		{B0D453A4-8BBB-44E9-923E-91C0E6C7923C}.Release|Any CPU.ActiveCfg = Release|Any CPU
		{B0D453A4-8BBB-44E9-923E-91C0E6C7923C}.Release|Any CPU.Build.0 = Release|Any CPU
		{04994153-1B19-432F-ACDE-8A5F6D932933}.Debug|Any CPU.ActiveCfg = Debug|Any CPU
		{04994153-1B19-432F-ACDE-8A5F6D932933}.Debug|Any CPU.Build.0 = Debug|Any CPU
		{04994153-1B19-432F-ACDE-8A5F6D932933}.Release|Any CPU.ActiveCfg = Release|Any CPU
		{04994153-1B19-432F-ACDE-8A5F6D932933}.Release|Any CPU.Build.0 = Release|Any CPU
	EndGlobalSection
	GlobalSection(SolutionProperties) = preSolution
		HideSolutionNode = FALSE
	EndGlobalSection
	GlobalSection(ExtensibilityGlobals) = postSolution
		SolutionGuid = {E50EC5ED-DA5D-4C9D-B9F1-56BC31BE559F}
	EndGlobalSection
EndGlobal
